
Microsoft Visual Studio Solution File, Format Version 12.00
# Visual Studio Version 16
VisualStudioVersion = 16.0.29613.14
MinimumVisualStudioVersion = 10.0.40219.1
Project("{9A19103F-16F7-4668-BE54-9A1E7A4F7556}") = "SelectionSortOperationalMemory", "SelectionSortArray\SelectionSortOperationalMemory.csproj", "{820ED666-996F-4FBA-A0EA-F1F505B8A4BC}"
EndProject
Project("{9A19103F-16F7-4668-BE54-9A1E7A4F7556}") = "SelectionSortDisc", "SelectionSortDisc\SelectionSortDisc.csproj", "{B1E09536-89EA-47B2-834D-69EE9D209E19}"
EndProject
Global
	GlobalSection(SolutionConfigurationPlatforms) = preSolution
		Debug|Any CPU = Debug|Any CPU
		Release|Any CPU = Release|Any CPU
	EndGlobalSection
	GlobalSection(ProjectConfigurationPlatforms) = postSolution
		{820ED666-996F-4FBA-A0EA-F1F505B8A4BC}.Debug|Any CPU.ActiveCfg = Debug|Any CPU
		{820ED666-996F-4FBA-A0EA-F1F505B8A4BC}.Debug|Any CPU.Build.0 = Debug|Any CPU
		{820ED666-996F-4FBA-A0EA-F1F505B8A4BC}.Release|Any CPU.ActiveCfg = Release|Any CPU
		{820ED666-996F-4FBA-A0EA-F1F505B8A4BC}.Release|Any CPU.Build.0 = Release|Any CPU
		{B1E09536-89EA-47B2-834D-69EE9D209E19}.Debug|Any CPU.ActiveCfg = Debug|Any CPU
		{B1E09536-89EA-47B2-834D-69EE9D209E19}.Debug|Any CPU.Build.0 = Debug|Any CPU
		{B1E09536-89EA-47B2-834D-69EE9D209E19}.Release|Any CPU.ActiveCfg = Release|Any CPU
		{B1E09536-89EA-47B2-834D-69EE9D209E19}.Release|Any CPU.Build.0 = Release|Any CPU
	EndGlobalSection
	GlobalSection(SolutionProperties) = preSolution
		HideSolutionNode = FALSE
	EndGlobalSection
	GlobalSection(ExtensibilityGlobals) = postSolution
		SolutionGuid = {C749D5B2-0D69-483D-B0AA-1D77AF3C39B9}
	EndGlobalSection
EndGlobal
